
Microsoft Visual Studio Solution File, Format Version 12.00
# Visual Studio Version 16
VisualStudioVersion = 16.0.29509.3
MinimumVisualStudioVersion = 10.0.40219.1
Project("{FAE04EC0-301F-11D3-BF4B-00C04F79EFBC}") = "EC_to_BCBS_EDI", "EC_to_VSP_EDI\EC_to_BCBS_EDI.csproj", "{B217D568-BD46-4E92-8D44-2C4B819837F5}"
EndProject
Project("{2150E333-8FDC-42A3-9474-1A3956D46DE8}") = "Solution Items", "Solution Items", "{EF236B29-A96A-4EF0-AD77-CA929B40FD70}"
	ProjectSection(SolutionItems) = preProject
		\\nas3\users\jchavis\Desktop\BenLogo_10_VSP.png = \\nas3\users\jchavis\Desktop\BenLogo_10_VSP.png
		DeadCode.txt = DeadCode.txt
		ict.dat = ict.dat
		\\nas3\users\jchavis\Documents\SecretKey.asc = \\nas3\users\jchavis\Documents\SecretKey.asc
		\\nas3\users\jchavis\Documents\VSP PGP Public Key & VSP Enterprise.asc = \\nas3\users\jchavis\Documents\VSP PGP Public Key & VSP Enterprise.asc
	EndProjectSection
EndProject
Global
	GlobalSection(SolutionConfigurationPlatforms) = preSolution
		Debug|Any CPU = Debug|Any CPU
		Release|Any CPU = Release|Any CPU
	EndGlobalSection
	GlobalSection(ProjectConfigurationPlatforms) = postSolution
		{B217D568-BD46-4E92-8D44-2C4B819837F5}.Debug|Any CPU.ActiveCfg = Debug|Any CPU
		{B217D568-BD46-4E92-8D44-2C4B819837F5}.Debug|Any CPU.Build.0 = Debug|Any CPU
		{B217D568-BD46-4E92-8D44-2C4B819837F5}.Release|Any CPU.ActiveCfg = Release|Any CPU
		{B217D568-BD46-4E92-8D44-2C4B819837F5}.Release|Any CPU.Build.0 = Release|Any CPU
	EndGlobalSection
	GlobalSection(SolutionProperties) = preSolution
		HideSolutionNode = FALSE
	EndGlobalSection
	GlobalSection(ExtensibilityGlobals) = postSolution
		SolutionGuid = {CDA341DE-A1A1-4B8D-855D-8C5ADE71DC5A}
	EndGlobalSection
EndGlobal
